
Microsoft Visual Studio Solution File, Format Version 12.00
# Visual Studio Version 17
VisualStudioVersion = 17.10.35013.160
MinimumVisualStudioVersion = 10.0.40219.1
Project("{2150E333-8FDC-42A3-9474-1A3956D46DE8}") = "services", "services", "{DF23DBD4-1803-41FA-9009-5EFF8B5800B1}"
EndProject
Project("{2150E333-8FDC-42A3-9474-1A3956D46DE8}") = "catalog", "catalog", "{0AC5DE49-545B-485C-A6E6-052C83AA2F32}"
EndProject
Project("{9A19103F-16F7-4668-BE54-9A1E7A4F7556}") = "Catalog.API", "services\catalog\CatalogAPI\Catalog.API.csproj", "{E555AF3F-57D6-4A75-AC47-57A8BE0D26B4}"
EndProject
Project("{2150E333-8FDC-42A3-9474-1A3956D46DE8}") = "BuildingBlocks", "BuildingBlocks", "{7A5270B1-4E0E-4E8B-8DDD-70DB862E1C49}"
EndProject
Project("{9A19103F-16F7-4668-BE54-9A1E7A4F7556}") = "BuildingBlocks", "BuildingBlocks\BuildingBlocks\BuildingBlocks.csproj", "{89CD79B5-1423-45F1-964C-30EFB77EFFAA}"
EndProject
Project("{E53339B2-1760-4266-BCC7-CA923CBCF16C}") = "docker-compose", "docker-compose.dcproj", "{47191071-55A5-42C1-B0DF-8A527FB07A34}"
EndProject
Project("{2150E333-8FDC-42A3-9474-1A3956D46DE8}") = "Basket", "Basket", "{B29F454D-20C0-4D65-B4FF-4F5DEA15D265}"
EndProject
Project("{9A19103F-16F7-4668-BE54-9A1E7A4F7556}") = "Basket.API", "services\Basket\Basket.API\Basket.API.csproj", "{AA21C368-8FC4-4B8B-A9F3-88F9F6ED0787}"
EndProject
Project("{2150E333-8FDC-42A3-9474-1A3956D46DE8}") = "Discount", "Discount", "{C33CF29E-FF18-424D-A7A3-6FDD5593F16F}"
EndProject
Project("{9A19103F-16F7-4668-BE54-9A1E7A4F7556}") = "Discount.Grpc", "services\Discount\Discount.Grpc\Discount.Grpc.csproj", "{9F0952A8-B6C8-496A-AA74-027B53403630}"
EndProject
Project("{2150E333-8FDC-42A3-9474-1A3956D46DE8}") = "Ordering", "Ordering", "{7D07E5B6-4B89-436E-AE35-BD6097A2EA3F}"
EndProject
Project("{FAE04EC0-301F-11D3-BF4B-00C04F79EFBC}") = "Ordering.API", "services\Ordering\Ordering.API\Ordering.API.csproj", "{62B82B07-48DB-4F33-810B-1B3690EA5F34}"
EndProject
Project("{FAE04EC0-301F-11D3-BF4B-00C04F79EFBC}") = "Ordering.Domain", "services\Ordering\Ordering.Domain\Ordering.Domain.csproj", "{35A7C06F-6F75-4666-B85E-98F6B926B9A0}"
EndProject
Project("{FAE04EC0-301F-11D3-BF4B-00C04F79EFBC}") = "Ordering.Application", "services\Ordering\Ordering.Application\Ordering.Application.csproj", "{38F2300B-928A-4E63-A744-AA875EDB9995}"
EndProject
Project("{FAE04EC0-301F-11D3-BF4B-00C04F79EFBC}") = "Ordering.Infrastructure", "services\Ordering\Ordering.Infrastructure\Ordering.Infrastructure.csproj", "{30D6FB5E-85AC-4917-ACA4-557283495140}"
EndProject
Global
	GlobalSection(SolutionConfigurationPlatforms) = preSolution
		Debug|Any CPU = Debug|Any CPU
		Release|Any CPU = Release|Any CPU
	EndGlobalSection
	GlobalSection(ProjectConfigurationPlatforms) = postSolution
		{E555AF3F-57D6-4A75-AC47-57A8BE0D26B4}.Debug|Any CPU.ActiveCfg = Debug|Any CPU
		{E555AF3F-57D6-4A75-AC47-57A8BE0D26B4}.Debug|Any CPU.Build.0 = Debug|Any CPU
		{E555AF3F-57D6-4A75-AC47-57A8BE0D26B4}.Release|Any CPU.ActiveCfg = Release|Any CPU
		{E555AF3F-57D6-4A75-AC47-57A8BE0D26B4}.Release|Any CPU.Build.0 = Release|Any CPU
		{89CD79B5-1423-45F1-964C-30EFB77EFFAA}.Debug|Any CPU.ActiveCfg = Debug|Any CPU
		{89CD79B5-1423-45F1-964C-30EFB77EFFAA}.Debug|Any CPU.Build.0 = Debug|Any CPU
		{89CD79B5-1423-45F1-964C-30EFB77EFFAA}.Release|Any CPU.ActiveCfg = Release|Any CPU
		{89CD79B5-1423-45F1-964C-30EFB77EFFAA}.Release|Any CPU.Build.0 = Release|Any CPU
		{47191071-55A5-42C1-B0DF-8A527FB07A34}.Debug|Any CPU.ActiveCfg = Debug|Any CPU
		{47191071-55A5-42C1-B0DF-8A527FB07A34}.Debug|Any CPU.Build.0 = Debug|Any CPU
		{47191071-55A5-42C1-B0DF-8A527FB07A34}.Release|Any CPU.ActiveCfg = Release|Any CPU
		{47191071-55A5-42C1-B0DF-8A527FB07A34}.Release|Any CPU.Build.0 = Release|Any CPU
		{AA21C368-8FC4-4B8B-A9F3-88F9F6ED0787}.Debug|Any CPU.ActiveCfg = Debug|Any CPU
		{AA21C368-8FC4-4B8B-A9F3-88F9F6ED0787}.Debug|Any CPU.Build.0 = Debug|Any CPU
		{AA21C368-8FC4-4B8B-A9F3-88F9F6ED0787}.Release|Any CPU.ActiveCfg = Release|Any CPU
		{AA21C368-8FC4-4B8B-A9F3-88F9F6ED0787}.Release|Any CPU.Build.0 = Release|Any CPU
		{9F0952A8-B6C8-496A-AA74-027B53403630}.Debug|Any CPU.ActiveCfg = Debug|Any CPU
		{9F0952A8-B6C8-496A-AA74-027B53403630}.Debug|Any CPU.Build.0 = Debug|Any CPU
		{9F0952A8-B6C8-496A-AA74-027B53403630}.Release|Any CPU.ActiveCfg = Release|Any CPU
		{9F0952A8-B6C8-496A-AA74-027B53403630}.Release|Any CPU.Build.0 = Release|Any CPU
		{62B82B07-48DB-4F33-810B-1B3690EA5F34}.Debug|Any CPU.ActiveCfg = Debug|Any CPU
		{62B82B07-48DB-4F33-810B-1B3690EA5F34}.Debug|Any CPU.Build.0 = Debug|Any CPU
		{62B82B07-48DB-4F33-810B-1B3690EA5F34}.Release|Any CPU.ActiveCfg = Release|Any CPU
		{62B82B07-48DB-4F33-810B-1B3690EA5F34}.Release|Any CPU.Build.0 = Release|Any CPU
		{35A7C06F-6F75-4666-B85E-98F6B926B9A0}.Debug|Any CPU.ActiveCfg = Debug|Any CPU
		{35A7C06F-6F75-4666-B85E-98F6B926B9A0}.Debug|Any CPU.Build.0 = Debug|Any CPU
		{35A7C06F-6F75-4666-B85E-98F6B926B9A0}.Release|Any CPU.ActiveCfg = Release|Any CPU
		{35A7C06F-6F75-4666-B85E-98F6B926B9A0}.Release|Any CPU.Build.0 = Release|Any CPU
		{38F2300B-928A-4E63-A744-AA875EDB9995}.Debug|Any CPU.ActiveCfg = Debug|Any CPU
		{38F2300B-928A-4E63-A744-AA875EDB9995}.Debug|Any CPU.Build.0 = Debug|Any CPU
		{38F2300B-928A-4E63-A744-AA875EDB9995}.Release|Any CPU.ActiveCfg = Release|Any CPU
		{38F2300B-928A-4E63-A744-AA875EDB9995}.Release|Any CPU.Build.0 = Release|Any CPU
		{30D6FB5E-85AC-4917-ACA4-557283495140}.Debug|Any CPU.ActiveCfg = Debug|Any CPU
		{30D6FB5E-85AC-4917-ACA4-557283495140}.Debug|Any CPU.Build.0 = Debug|Any CPU
		{30D6FB5E-85AC-4917-ACA4-557283495140}.Release|Any CPU.ActiveCfg = Release|Any CPU
		{30D6FB5E-85AC-4917-ACA4-557283495140}.Release|Any CPU.Build.0 = Release|Any CPU
	EndGlobalSection
	GlobalSection(SolutionProperties) = preSolution
		HideSolutionNode = FALSE
	EndGlobalSection
	GlobalSection(NestedProjects) = preSolution
		{0AC5DE49-545B-485C-A6E6-052C83AA2F32} = {DF23DBD4-1803-41FA-9009-5EFF8B5800B1}
		{E555AF3F-57D6-4A75-AC47-57A8BE0D26B4} = {0AC5DE49-545B-485C-A6E6-052C83AA2F32}
		{89CD79B5-1423-45F1-964C-30EFB77EFFAA} = {7A5270B1-4E0E-4E8B-8DDD-70DB862E1C49}
		{B29F454D-20C0-4D65-B4FF-4F5DEA15D265} = {DF23DBD4-1803-41FA-9009-5EFF8B5800B1}
		{AA21C368-8FC4-4B8B-A9F3-88F9F6ED0787} = {B29F454D-20C0-4D65-B4FF-4F5DEA15D265}
		{C33CF29E-FF18-424D-A7A3-6FDD5593F16F} = {DF23DBD4-1803-41FA-9009-5EFF8B5800B1}
		{9F0952A8-B6C8-496A-AA74-027B53403630} = {C33CF29E-FF18-424D-A7A3-6FDD5593F16F}
		{7D07E5B6-4B89-436E-AE35-BD6097A2EA3F} = {DF23DBD4-1803-41FA-9009-5EFF8B5800B1}
		{62B82B07-48DB-4F33-810B-1B3690EA5F34} = {7D07E5B6-4B89-436E-AE35-BD6097A2EA3F}
		{35A7C06F-6F75-4666-B85E-98F6B926B9A0} = {7D07E5B6-4B89-436E-AE35-BD6097A2EA3F}
		{38F2300B-928A-4E63-A744-AA875EDB9995} = {7D07E5B6-4B89-436E-AE35-BD6097A2EA3F}
		{30D6FB5E-85AC-4917-ACA4-557283495140} = {7D07E5B6-4B89-436E-AE35-BD6097A2EA3F}
	EndGlobalSection
	GlobalSection(ExtensibilityGlobals) = postSolution
		SolutionGuid = {8A4C2967-699D-46FF-96D0-4EA871FEB85E}
	EndGlobalSection
EndGlobal
